
Microsoft Visual Studio Solution File, Format Version 12.00
# Visual Studio Version 16
VisualStudioVersion = 16.0.31005.135
MinimumVisualStudioVersion = 10.0.40219.1
Project("{FAE04EC0-301F-11D3-BF4B-00C04F79EFBC}") = "FileManager", "FileManager\FileManager.csproj", "{D950805D-3ACC-4758-BD34-B725F8CAB0D5}"
EndProject
Global
	GlobalSection(SolutionConfigurationPlatforms) = preSolution
		Debug|Any CPU = Debug|Any CPU
		Release|Any CPU = Release|Any CPU
	EndGlobalSection
	GlobalSection(ProjectConfigurationPlatforms) = postSolution
		{D950805D-3ACC-4758-BD34-B725F8CAB0D5}.Debug|Any CPU.ActiveCfg = Debug|Any CPU
		{D950805D-3ACC-4758-BD34-B725F8CAB0D5}.Debug|Any CPU.Build.0 = Debug|Any CPU
		{D950805D-3ACC-4758-BD34-B725F8CAB0D5}.Release|Any CPU.ActiveCfg = Release|Any CPU
		{D950805D-3ACC-4758-BD34-B725F8CAB0D5}.Release|Any CPU.Build.0 = Release|Any CPU
	EndGlobalSection
	GlobalSection(SolutionProperties) = preSolution
		HideSolutionNode = FALSE
	EndGlobalSection
	GlobalSection(ExtensibilityGlobals) = postSolution
		SolutionGuid = {2E20DA99-BDD1-499D-90AC-60DBFF552A26}
	EndGlobalSection
EndGlobal
